
Microsoft Visual Studio Solution File, Format Version 12.00
# Visual Studio Version 17
VisualStudioVersion = 17.4.33213.308
MinimumVisualStudioVersion = 10.0.40219.1
Project("{FAE04EC0-301F-11D3-BF4B-00C04F79EFBC}") = "Laboratorio02_04_Jose", "Laboratorio02_04_Jose\Laboratorio02_04_Jose.csproj", "{5A4EFBBC-1373-48D9-B346-A338264819C4}"
EndProject
Global
	GlobalSection(SolutionConfigurationPlatforms) = preSolution
		Debug|Any CPU = Debug|Any CPU
		Release|Any CPU = Release|Any CPU
	EndGlobalSection
	GlobalSection(ProjectConfigurationPlatforms) = postSolution
		{5A4EFBBC-1373-48D9-B346-A338264819C4}.Debug|Any CPU.ActiveCfg = Debug|Any CPU
		{5A4EFBBC-1373-48D9-B346-A338264819C4}.Debug|Any CPU.Build.0 = Debug|Any CPU
		{5A4EFBBC-1373-48D9-B346-A338264819C4}.Release|Any CPU.ActiveCfg = Release|Any CPU
		{5A4EFBBC-1373-48D9-B346-A338264819C4}.Release|Any CPU.Build.0 = Release|Any CPU
	EndGlobalSection
	GlobalSection(SolutionProperties) = preSolution
		HideSolutionNode = FALSE
	EndGlobalSection
	GlobalSection(ExtensibilityGlobals) = postSolution
		SolutionGuid = {9B692050-7EF9-48B1-BE8E-FAFCF9B4A3B7}
	EndGlobalSection
EndGlobal
