
Microsoft Visual Studio Solution File, Format Version 12.00
# Visual Studio Version 16
VisualStudioVersion = 16.0.32929.386
MinimumVisualStudioVersion = 10.0.40219.1
Project("{FAE04EC0-301F-11D3-BF4B-00C04F79EFBC}") = "laboratiorio_jose", "laboratiorio_jose\laboratiorio_jose.csproj", "{27C0CCCD-1B40-40A8-A7D4-2526B0A40BCB}"
EndProject
Global
	GlobalSection(SolutionConfigurationPlatforms) = preSolution
		Debug|Any CPU = Debug|Any CPU
		Release|Any CPU = Release|Any CPU
	EndGlobalSection
	GlobalSection(ProjectConfigurationPlatforms) = postSolution
		{27C0CCCD-1B40-40A8-A7D4-2526B0A40BCB}.Debug|Any CPU.ActiveCfg = Debug|Any CPU
		{27C0CCCD-1B40-40A8-A7D4-2526B0A40BCB}.Debug|Any CPU.Build.0 = Debug|Any CPU
		{27C0CCCD-1B40-40A8-A7D4-2526B0A40BCB}.Release|Any CPU.ActiveCfg = Release|Any CPU
		{27C0CCCD-1B40-40A8-A7D4-2526B0A40BCB}.Release|Any CPU.Build.0 = Release|Any CPU
	EndGlobalSection
	GlobalSection(SolutionProperties) = preSolution
		HideSolutionNode = FALSE
	EndGlobalSection
	GlobalSection(ExtensibilityGlobals) = postSolution
		SolutionGuid = {461540A4-1B13-4661-A72A-F2C825BB0A34}
	EndGlobalSection
EndGlobal
